
Microsoft Visual Studio Solution File, Format Version 12.00
# Visual Studio Version 17
VisualStudioVersion = 17.5.002.0
MinimumVisualStudioVersion = 10.0.40219.1
Project("{9A19103F-16F7-4668-BE54-9A1E7A4F7556}") = "Rectangle", "Rectangle.csproj", "{F43820E8-7291-449A-A97E-1C4444644AE1}"
EndProject
Global
	GlobalSection(SolutionConfigurationPlatforms) = preSolution
		Debug|Any CPU = Debug|Any CPU
		Release|Any CPU = Release|Any CPU
	EndGlobalSection
	GlobalSection(ProjectConfigurationPlatforms) = postSolution
		{F43820E8-7291-449A-A97E-1C4444644AE1}.Debug|Any CPU.ActiveCfg = Debug|Any CPU
		{F43820E8-7291-449A-A97E-1C4444644AE1}.Debug|Any CPU.Build.0 = Debug|Any CPU
		{F43820E8-7291-449A-A97E-1C4444644AE1}.Release|Any CPU.ActiveCfg = Release|Any CPU
		{F43820E8-7291-449A-A97E-1C4444644AE1}.Release|Any CPU.Build.0 = Release|Any CPU
	EndGlobalSection
	GlobalSection(SolutionProperties) = preSolution
		HideSolutionNode = FALSE
	EndGlobalSection
	GlobalSection(ExtensibilityGlobals) = postSolution
		SolutionGuid = {693325C2-EAA4-4987-8023-AA92C7C84056}
	EndGlobalSection
EndGlobal
